
Microsoft Visual Studio Solution File, Format Version 12.00
# Visual Studio Version 17
VisualStudioVersion = 17.2.32210.308
MinimumVisualStudioVersion = 10.0.40219.1
Project("{9A19103F-16F7-4668-BE54-9A1E7A4F7556}") = "KamaVerification.Email.Core", "KamaVerification.Email.Core\KamaVerification.Email.Core.csproj", "{E9F94E28-490B-4E36-897E-05C499DA4BD0}"
EndProject
Project("{9A19103F-16F7-4668-BE54-9A1E7A4F7556}") = "KamaVerification.Email.Data", "KamaVerification.Email.Data\KamaVerification.Email.Data.csproj", "{9CC9DC00-B22C-4C78-8314-746B116C67E2}"
EndProject
Project("{9A19103F-16F7-4668-BE54-9A1E7A4F7556}") = "KamaVerification.Email.Services", "KamaVerification.Email.Services\KamaVerification.Email.Services.csproj", "{F2BDDCA6-D360-4B44-ACCC-C9E12E0B67BC}"
EndProject
Project("{9A19103F-16F7-4668-BE54-9A1E7A4F7556}") = "KamaVerification.Email.Tests", "KamaVerification.Email.Tests\KamaVerification.Email.Tests.csproj", "{9B132667-984B-4EB7-8455-9C30DC6E7BA5}"
EndProject
Project("{9A19103F-16F7-4668-BE54-9A1E7A4F7556}") = "KamaVerification.Services", "KamaVerification.Services\KamaVerification.Services.csproj", "{811B5BD2-C346-465B-9D7B-E6E2D400F41C}"
EndProject
Project("{9A19103F-16F7-4668-BE54-9A1E7A4F7556}") = "KamaVerification.Tests", "KamaVerification.Tests\KamaVerification.Tests.csproj", "{E86E7F42-6517-476B-B137-3A9F370D776F}"
EndProject
Project("{9A19103F-16F7-4668-BE54-9A1E7A4F7556}") = "KamaVerification.Data", "KamaVerification.Data\KamaVerification.Data.csproj", "{10600C3B-156A-4122-950A-156C6D5C7344}"
EndProject
Project("{9A19103F-16F7-4668-BE54-9A1E7A4F7556}") = "KamaVerification.Data.Migrations", "KamaVerification.Data.Migrations\KamaVerification.Data.Migrations.csproj", "{F2CB166E-361D-4203-866C-47EFE104A5F2}"
EndProject
Project("{FAE04EC0-301F-11D3-BF4B-00C04F79EFBC}") = "KamaVerification.Core", "KamaVerification.Core\KamaVerification.Core.csproj", "{20B2CC87-87F2-4932-86D1-E8E552A1D160}"
EndProject
Global
	GlobalSection(SolutionConfigurationPlatforms) = preSolution
		Debug|Any CPU = Debug|Any CPU
		Release|Any CPU = Release|Any CPU
	EndGlobalSection
	GlobalSection(ProjectConfigurationPlatforms) = postSolution
		{E9F94E28-490B-4E36-897E-05C499DA4BD0}.Debug|Any CPU.ActiveCfg = Debug|Any CPU
		{E9F94E28-490B-4E36-897E-05C499DA4BD0}.Debug|Any CPU.Build.0 = Debug|Any CPU
		{E9F94E28-490B-4E36-897E-05C499DA4BD0}.Release|Any CPU.ActiveCfg = Release|Any CPU
		{E9F94E28-490B-4E36-897E-05C499DA4BD0}.Release|Any CPU.Build.0 = Release|Any CPU
		{9CC9DC00-B22C-4C78-8314-746B116C67E2}.Debug|Any CPU.ActiveCfg = Debug|Any CPU
		{9CC9DC00-B22C-4C78-8314-746B116C67E2}.Debug|Any CPU.Build.0 = Debug|Any CPU
		{9CC9DC00-B22C-4C78-8314-746B116C67E2}.Release|Any CPU.ActiveCfg = Release|Any CPU
		{9CC9DC00-B22C-4C78-8314-746B116C67E2}.Release|Any CPU.Build.0 = Release|Any CPU
		{F2BDDCA6-D360-4B44-ACCC-C9E12E0B67BC}.Debug|Any CPU.ActiveCfg = Debug|Any CPU
		{F2BDDCA6-D360-4B44-ACCC-C9E12E0B67BC}.Debug|Any CPU.Build.0 = Debug|Any CPU
		{F2BDDCA6-D360-4B44-ACCC-C9E12E0B67BC}.Release|Any CPU.ActiveCfg = Release|Any CPU
		{F2BDDCA6-D360-4B44-ACCC-C9E12E0B67BC}.Release|Any CPU.Build.0 = Release|Any CPU
		{9B132667-984B-4EB7-8455-9C30DC6E7BA5}.Debug|Any CPU.ActiveCfg = Debug|Any CPU
		{9B132667-984B-4EB7-8455-9C30DC6E7BA5}.Debug|Any CPU.Build.0 = Debug|Any CPU
		{9B132667-984B-4EB7-8455-9C30DC6E7BA5}.Release|Any CPU.ActiveCfg = Release|Any CPU
		{9B132667-984B-4EB7-8455-9C30DC6E7BA5}.Release|Any CPU.Build.0 = Release|Any CPU
		{811B5BD2-C346-465B-9D7B-E6E2D400F41C}.Debug|Any CPU.ActiveCfg = Debug|Any CPU
		{811B5BD2-C346-465B-9D7B-E6E2D400F41C}.Debug|Any CPU.Build.0 = Debug|Any CPU
		{811B5BD2-C346-465B-9D7B-E6E2D400F41C}.Release|Any CPU.ActiveCfg = Release|Any CPU
		{811B5BD2-C346-465B-9D7B-E6E2D400F41C}.Release|Any CPU.Build.0 = Release|Any CPU
		{E86E7F42-6517-476B-B137-3A9F370D776F}.Debug|Any CPU.ActiveCfg = Debug|Any CPU
		{E86E7F42-6517-476B-B137-3A9F370D776F}.Debug|Any CPU.Build.0 = Debug|Any CPU
		{E86E7F42-6517-476B-B137-3A9F370D776F}.Release|Any CPU.ActiveCfg = Release|Any CPU
		{E86E7F42-6517-476B-B137-3A9F370D776F}.Release|Any CPU.Build.0 = Release|Any CPU
		{10600C3B-156A-4122-950A-156C6D5C7344}.Debug|Any CPU.ActiveCfg = Debug|Any CPU
		{10600C3B-156A-4122-950A-156C6D5C7344}.Debug|Any CPU.Build.0 = Debug|Any CPU
		{10600C3B-156A-4122-950A-156C6D5C7344}.Release|Any CPU.ActiveCfg = Release|Any CPU
		{10600C3B-156A-4122-950A-156C6D5C7344}.Release|Any CPU.Build.0 = Release|Any CPU
		{F2CB166E-361D-4203-866C-47EFE104A5F2}.Debug|Any CPU.ActiveCfg = Debug|Any CPU
		{F2CB166E-361D-4203-866C-47EFE104A5F2}.Debug|Any CPU.Build.0 = Debug|Any CPU
		{F2CB166E-361D-4203-866C-47EFE104A5F2}.Release|Any CPU.ActiveCfg = Release|Any CPU
		{F2CB166E-361D-4203-866C-47EFE104A5F2}.Release|Any CPU.Build.0 = Release|Any CPU
		{20B2CC87-87F2-4932-86D1-E8E552A1D160}.Debug|Any CPU.ActiveCfg = Debug|Any CPU
		{20B2CC87-87F2-4932-86D1-E8E552A1D160}.Debug|Any CPU.Build.0 = Debug|Any CPU
		{20B2CC87-87F2-4932-86D1-E8E552A1D160}.Release|Any CPU.ActiveCfg = Release|Any CPU
		{20B2CC87-87F2-4932-86D1-E8E552A1D160}.Release|Any CPU.Build.0 = Release|Any CPU
	EndGlobalSection
	GlobalSection(SolutionProperties) = preSolution
		HideSolutionNode = FALSE
	EndGlobalSection
	GlobalSection(ExtensibilityGlobals) = postSolution
		SolutionGuid = {D3CA98B3-296D-4939-B762-E40B8AB704F7}
	EndGlobalSection
EndGlobal
